
Microsoft Visual Studio Solution File, Format Version 12.00
# Visual Studio Version 17
VisualStudioVersion = 17.3.32929.385
MinimumVisualStudioVersion = 10.0.40219.1
Project("{9A19103F-16F7-4668-BE54-9A1E7A4F7556}") = "Projekt.portalWWW", "Projekt.portalWWW\Projekt.portalWWW.csproj", "{96AC0865-4702-4B09-9EA1-DC0B3B551182}"
EndProject
Project("{9A19103F-16F7-4668-BE54-9A1E7A4F7556}") = "Projekt.intranet", "Projekt.intranet\Projekt.intranet.csproj", "{ABB96DBF-4A5B-45C7-B657-CDB8DD87C133}"
EndProject
Project("{9A19103F-16F7-4668-BE54-9A1E7A4F7556}") = "Projekt.Data", "Projekt.Data\Projekt.Data.csproj", "{3FD8797E-C691-492E-B3E3-22C15ADCDD63}"
EndProject
Global
	GlobalSection(SolutionConfigurationPlatforms) = preSolution
		Debug|Any CPU = Debug|Any CPU
		Release|Any CPU = Release|Any CPU
	EndGlobalSection
	GlobalSection(ProjectConfigurationPlatforms) = postSolution
		{96AC0865-4702-4B09-9EA1-DC0B3B551182}.Debug|Any CPU.ActiveCfg = Debug|Any CPU
		{96AC0865-4702-4B09-9EA1-DC0B3B551182}.Debug|Any CPU.Build.0 = Debug|Any CPU
		{96AC0865-4702-4B09-9EA1-DC0B3B551182}.Release|Any CPU.ActiveCfg = Release|Any CPU
		{96AC0865-4702-4B09-9EA1-DC0B3B551182}.Release|Any CPU.Build.0 = Release|Any CPU
		{ABB96DBF-4A5B-45C7-B657-CDB8DD87C133}.Debug|Any CPU.ActiveCfg = Debug|Any CPU
		{ABB96DBF-4A5B-45C7-B657-CDB8DD87C133}.Debug|Any CPU.Build.0 = Debug|Any CPU
		{ABB96DBF-4A5B-45C7-B657-CDB8DD87C133}.Release|Any CPU.ActiveCfg = Release|Any CPU
		{ABB96DBF-4A5B-45C7-B657-CDB8DD87C133}.Release|Any CPU.Build.0 = Release|Any CPU
		{3FD8797E-C691-492E-B3E3-22C15ADCDD63}.Debug|Any CPU.ActiveCfg = Debug|Any CPU
		{3FD8797E-C691-492E-B3E3-22C15ADCDD63}.Debug|Any CPU.Build.0 = Debug|Any CPU
		{3FD8797E-C691-492E-B3E3-22C15ADCDD63}.Release|Any CPU.ActiveCfg = Release|Any CPU
		{3FD8797E-C691-492E-B3E3-22C15ADCDD63}.Release|Any CPU.Build.0 = Release|Any CPU
	EndGlobalSection
	GlobalSection(SolutionProperties) = preSolution
		HideSolutionNode = FALSE
	EndGlobalSection
	GlobalSection(ExtensibilityGlobals) = postSolution
		SolutionGuid = {EC1D50EF-F681-4938-A742-CC5905F9A4AF}
	EndGlobalSection
EndGlobal
